
Microsoft Visual Studio Solution File, Format Version 12.00
# Visual Studio Version 17
VisualStudioVersion = 17.2.32630.192
MinimumVisualStudioVersion = 10.0.40219.1
Project("{FAE04EC0-301F-11D3-BF4B-00C04F79EFBC}") = "Equation encoder", "Equation encoder.csproj", "{05E2858C-86F7-4D95-A00D-E60BE2C848EF}"
EndProject
Global
	GlobalSection(SolutionConfigurationPlatforms) = preSolution
		Debug|Any CPU = Debug|Any CPU
		Release|Any CPU = Release|Any CPU
	EndGlobalSection
	GlobalSection(ProjectConfigurationPlatforms) = postSolution
		{05E2858C-86F7-4D95-A00D-E60BE2C848EF}.Debug|Any CPU.ActiveCfg = Debug|Any CPU
		{05E2858C-86F7-4D95-A00D-E60BE2C848EF}.Debug|Any CPU.Build.0 = Debug|Any CPU
		{05E2858C-86F7-4D95-A00D-E60BE2C848EF}.Release|Any CPU.ActiveCfg = Release|Any CPU
		{05E2858C-86F7-4D95-A00D-E60BE2C848EF}.Release|Any CPU.Build.0 = Release|Any CPU
	EndGlobalSection
	GlobalSection(SolutionProperties) = preSolution
		HideSolutionNode = FALSE
	EndGlobalSection
	GlobalSection(ExtensibilityGlobals) = postSolution
		SolutionGuid = {22C5ABA6-0D06-4F9F-B62C-6AB52A7C7AAB}
	EndGlobalSection
EndGlobal
